
Microsoft Visual Studio Solution File, Format Version 12.00
# Visual Studio Version 17
VisualStudioVersion = 17.0.31903.59
MinimumVisualStudioVersion = 10.0.40219.1
Project("{FAE04EC0-301F-11D3-BF4B-00C04F79EFBC}") = "Baird", "Baird\Baird.csproj", "{6A791E91-5922-4E44-B96D-EA820BFDBF68}"
EndProject
Project("{FAE04EC0-301F-11D3-BF4B-00C04F79EFBC}") = "Baird.Tests", "Baird.Tests\Baird.Tests.csproj", "{A106820E-5135-4C95-AF55-A3427AC311FE}"
EndProject
Global
	GlobalSection(SolutionConfigurationPlatforms) = preSolution
		Debug|Any CPU = Debug|Any CPU
		Debug|x64 = Debug|x64
		Debug|x86 = Debug|x86
		Release|Any CPU = Release|Any CPU
		Release|x64 = Release|x64
		Release|x86 = Release|x86
	EndGlobalSection
	GlobalSection(ProjectConfigurationPlatforms) = postSolution
		{6A791E91-5922-4E44-B96D-EA820BFDBF68}.Debug|Any CPU.ActiveCfg = Debug|Any CPU
		{6A791E91-5922-4E44-B96D-EA820BFDBF68}.Debug|Any CPU.Build.0 = Debug|Any CPU
		{6A791E91-5922-4E44-B96D-EA820BFDBF68}.Debug|x64.ActiveCfg = Debug|Any CPU
		{6A791E91-5922-4E44-B96D-EA820BFDBF68}.Debug|x64.Build.0 = Debug|Any CPU
		{6A791E91-5922-4E44-B96D-EA820BFDBF68}.Debug|x86.ActiveCfg = Debug|Any CPU
		{6A791E91-5922-4E44-B96D-EA820BFDBF68}.Debug|x86.Build.0 = Debug|Any CPU
		{6A791E91-5922-4E44-B96D-EA820BFDBF68}.Release|Any CPU.ActiveCfg = Release|Any CPU
		{6A791E91-5922-4E44-B96D-EA820BFDBF68}.Release|Any CPU.Build.0 = Release|Any CPU
		{6A791E91-5922-4E44-B96D-EA820BFDBF68}.Release|x64.ActiveCfg = Release|Any CPU
		{6A791E91-5922-4E44-B96D-EA820BFDBF68}.Release|x64.Build.0 = Release|Any CPU
		{6A791E91-5922-4E44-B96D-EA820BFDBF68}.Release|x86.ActiveCfg = Release|Any CPU
		{6A791E91-5922-4E44-B96D-EA820BFDBF68}.Release|x86.Build.0 = Release|Any CPU
		{A106820E-5135-4C95-AF55-A3427AC311FE}.Debug|Any CPU.ActiveCfg = Debug|Any CPU
		{A106820E-5135-4C95-AF55-A3427AC311FE}.Debug|Any CPU.Build.0 = Debug|Any CPU
		{A106820E-5135-4C95-AF55-A3427AC311FE}.Debug|x64.ActiveCfg = Debug|Any CPU
		{A106820E-5135-4C95-AF55-A3427AC311FE}.Debug|x64.Build.0 = Debug|Any CPU
		{A106820E-5135-4C95-AF55-A3427AC311FE}.Debug|x86.ActiveCfg = Debug|Any CPU
		{A106820E-5135-4C95-AF55-A3427AC311FE}.Debug|x86.Build.0 = Debug|Any CPU
		{A106820E-5135-4C95-AF55-A3427AC311FE}.Release|Any CPU.ActiveCfg = Release|Any CPU
		{A106820E-5135-4C95-AF55-A3427AC311FE}.Release|Any CPU.Build.0 = Release|Any CPU
		{A106820E-5135-4C95-AF55-A3427AC311FE}.Release|x64.ActiveCfg = Release|Any CPU
		{A106820E-5135-4C95-AF55-A3427AC311FE}.Release|x64.Build.0 = Release|Any CPU
		{A106820E-5135-4C95-AF55-A3427AC311FE}.Release|x86.ActiveCfg = Release|Any CPU
		{A106820E-5135-4C95-AF55-A3427AC311FE}.Release|x86.Build.0 = Release|Any CPU
	EndGlobalSection
	GlobalSection(SolutionProperties) = preSolution
		HideSolutionNode = FALSE
	EndGlobalSection
EndGlobal
